
Microsoft Visual Studio Solution File, Format Version 12.00
# Visual Studio Version 17
VisualStudioVersion = 17.14.36310.24 d17.14
MinimumVisualStudioVersion = 10.0.40219.1
Project("{FAE04EC0-301F-11D3-BF4B-00C04F79EFBC}") = "API", "API\API.csproj", "{2A23E2B5-6601-4814-9F0C-D017CFA5DD05}"
EndProject
Project("{2150E333-8FDC-42A3-9474-1A3956D46DE8}") = "Core", "Core", "{02EA681E-C7D8-13C7-8484-4AC65E1B71E8}"
EndProject
Project("{FAE04EC0-301F-11D3-BF4B-00C04F79EFBC}") = "Application", "Application\Application.csproj", "{5793A9EA-BFC2-4982-8EC8-D9A8B5FB2412}"
EndProject
Project("{FAE04EC0-301F-11D3-BF4B-00C04F79EFBC}") = "Domain", "Domain\Domain.csproj", "{4D6787D7-5B83-4AA3-8874-D44356BB3435}"
EndProject
Project("{FAE04EC0-301F-11D3-BF4B-00C04F79EFBC}") = "Infrastracture", "Infrastracture\Infrastracture.csproj", "{7556BFE1-31AD-4995-B2BF-D41B6642AB4A}"
EndProject
Global
	GlobalSection(SolutionConfigurationPlatforms) = preSolution
		Debug|Any CPU = Debug|Any CPU
		Release|Any CPU = Release|Any CPU
	EndGlobalSection
	GlobalSection(ProjectConfigurationPlatforms) = postSolution
		{2A23E2B5-6601-4814-9F0C-D017CFA5DD05}.Debug|Any CPU.ActiveCfg = Debug|Any CPU
		{2A23E2B5-6601-4814-9F0C-D017CFA5DD05}.Debug|Any CPU.Build.0 = Debug|Any CPU
		{2A23E2B5-6601-4814-9F0C-D017CFA5DD05}.Release|Any CPU.ActiveCfg = Release|Any CPU
		{2A23E2B5-6601-4814-9F0C-D017CFA5DD05}.Release|Any CPU.Build.0 = Release|Any CPU
		{5793A9EA-BFC2-4982-8EC8-D9A8B5FB2412}.Debug|Any CPU.ActiveCfg = Debug|Any CPU
		{5793A9EA-BFC2-4982-8EC8-D9A8B5FB2412}.Debug|Any CPU.Build.0 = Debug|Any CPU
		{5793A9EA-BFC2-4982-8EC8-D9A8B5FB2412}.Release|Any CPU.ActiveCfg = Release|Any CPU
		{5793A9EA-BFC2-4982-8EC8-D9A8B5FB2412}.Release|Any CPU.Build.0 = Release|Any CPU
		{4D6787D7-5B83-4AA3-8874-D44356BB3435}.Debug|Any CPU.ActiveCfg = Debug|Any CPU
		{4D6787D7-5B83-4AA3-8874-D44356BB3435}.Debug|Any CPU.Build.0 = Debug|Any CPU
		{4D6787D7-5B83-4AA3-8874-D44356BB3435}.Release|Any CPU.ActiveCfg = Release|Any CPU
		{4D6787D7-5B83-4AA3-8874-D44356BB3435}.Release|Any CPU.Build.0 = Release|Any CPU
		{7556BFE1-31AD-4995-B2BF-D41B6642AB4A}.Debug|Any CPU.ActiveCfg = Debug|Any CPU
		{7556BFE1-31AD-4995-B2BF-D41B6642AB4A}.Debug|Any CPU.Build.0 = Debug|Any CPU
		{7556BFE1-31AD-4995-B2BF-D41B6642AB4A}.Release|Any CPU.ActiveCfg = Release|Any CPU
		{7556BFE1-31AD-4995-B2BF-D41B6642AB4A}.Release|Any CPU.Build.0 = Release|Any CPU
	EndGlobalSection
	GlobalSection(SolutionProperties) = preSolution
		HideSolutionNode = FALSE
	EndGlobalSection
	GlobalSection(NestedProjects) = preSolution
		{5793A9EA-BFC2-4982-8EC8-D9A8B5FB2412} = {02EA681E-C7D8-13C7-8484-4AC65E1B71E8}
		{4D6787D7-5B83-4AA3-8874-D44356BB3435} = {02EA681E-C7D8-13C7-8484-4AC65E1B71E8}
	EndGlobalSection
	GlobalSection(ExtensibilityGlobals) = postSolution
		SolutionGuid = {523EA675-EDA3-4F8F-8F0F-EFD7801449AE}
	EndGlobalSection
EndGlobal
